// !$*UTF8*$!
{
	archiveVersion = 1;
	classes = {
	};
	objectVersion = 50;
	objects = {

/* Begin PBXBuildFile section */
		601FE5AA22E7FF3200A11804 /* AppDelegate.m in Sources */ = {isa = PBXBuildFile; fileRef = 601FE5A922E7FF3200A11804 /* AppDelegate.m */; };
		601FE5AD22E7FF3200A11804 /* ViewController.m in Sources */ = {isa = PBXBuildFile; fileRef = 601FE5AC22E7FF3200A11804 /* ViewController.m */; };
		601FE5B022E7FF3200A11804 /* Main.storyboard in Resources */ = {isa = PBXBuildFile; fileRef = 601FE5AE22E7FF3200A11804 /* Main.storyboard */; };
		601FE5B522E7FF3400A11804 /* LaunchScreen.storyboard in Resources */ = {isa = PBXBuildFile; fileRef = 601FE5B322E7FF3400A11804 /* LaunchScreen.storyboard */; };
		601FE5B822E7FF3400A11804 /* main.m in Sources */ = {isa = PBXBuildFile; fileRef = 601FE5B722E7FF3400A11804 /* main.m */; };
		601FE5CB22E7FFCE00A11804 /* icon_refresh.png in Resources */ = {isa = PBXBuildFile; fileRef = 601FE5C522E7FFCE00A11804 /* icon_refresh.png */; };
		601FE5D222E7FFF400A11804 /* UIWebView+QTHideAccessoryView.m in Sources */ = {isa = PBXBuildFile; fileRef = 601FE5CC22E7FFF400A11804 /* UIWebView+QTHideAccessoryView.m */; };
		601FE5D322E7FFF400A11804 /* UIWebView+QTJSTool.m in Sources */ = {isa = PBXBuildFile; fileRef = 601FE5CE22E7FFF400A11804 /* UIWebView+QTJSTool.m */; };
		601FE5D422E7FFF400A11804 /* UIControl+QTButtonExtension.m in Sources */ = {isa = PBXBuildFile; fileRef = 601FE5CF22E7FFF400A11804 /* UIControl+QTButtonExtension.m */; };
		601FE6B822E80A0500A11804 /* QTRichTextEditor.js in Resources */ = {isa = PBXBuildFile; fileRef = 601FE6B722E80A0500A11804 /* QTRichTextEditor.js */; };
		601FE6B922E80B7900A11804 /* QTRichTextEditor.html in Resources */ = {isa = PBXBuildFile; fileRef = 601FE6B622E8099200A11804 /* QTRichTextEditor.html */; };
		601FE6BC22E80C4D00A11804 /* QTRichTextToolBar.m in Sources */ = {isa = PBXBuildFile; fileRef = 601FE6BB22E80C4D00A11804 /* QTRichTextToolBar.m */; };
		601FE6BF22E82B5900A11804 /* jQuery.js in Resources */ = {isa = PBXBuildFile; fileRef = 601FE6BE22E82B5900A11804 /* jQuery.js */; };
		601FE6C022E82B5900A11804 /* JSBeautifier.js in Resources */ = {isa = PBXBuildFile; fileRef = 601FE6BD22E82B5900A11804 /* JSBeautifier.js */; };
		601FE6C622E848D300A11804 /* UIImage+Common.m in Sources */ = {isa = PBXBuildFile; fileRef = 601FE6C222E848D300A11804 /* UIImage+Common.m */; };
		601FE6C722E848D300A11804 /* UIColor+expanded.m in Sources */ = {isa = PBXBuildFile; fileRef = 601FE6C522E848D300A11804 /* UIColor+expanded.m */; };
		601FE6CA22E8538C00A11804 /* QTFontStyleView.m in Sources */ = {isa = PBXBuildFile; fileRef = 601FE6C922E8538C00A11804 /* QTFontStyleView.m */; };
		601FE6CD22E8539B00A11804 /* QTFontSizeView.m in Sources */ = {isa = PBXBuildFile; fileRef = 601FE6CC22E8539B00A11804 /* QTFontSizeView.m */; };
		601FE6D022E853AE00A11804 /* QTAlignView.m in Sources */ = {isa = PBXBuildFile; fileRef = 601FE6CF22E853AE00A11804 /* QTAlignView.m */; };
		601FE6D322E853BE00A11804 /* QTFontColorView.m in Sources */ = {isa = PBXBuildFile; fileRef = 601FE6D222E853BE00A11804 /* QTFontColorView.m */; };
		601FE6D622E99E7600A11804 /* QTRichTextEditorDemo.m in Sources */ = {isa = PBXBuildFile; fileRef = 601FE6D522E99E7600A11804 /* QTRichTextEditorDemo.m */; };
		601FE70B22E9B72300A11804 /* Assets.xcassets in Resources */ = {isa = PBXBuildFile; fileRef = 601FE70A22E9B72200A11804 /* Assets.xcassets */; };
/* End PBXBuildFile section */

/* Begin PBXFileReference section */
		601FE5A522E7FF3200A11804 /* QTRichEditorText.app */ = {isa = PBXFileReference; explicitFileType = wrapper.application; includeInIndex = 0; path = QTRichEditorText.app; sourceTree = BUILT_PRODUCTS_DIR; };
		601FE5A822E7FF3200A11804 /* AppDelegate.h */ = {isa = PBXFileReference; lastKnownFileType = sourcecode.c.h; path = AppDelegate.h; sourceTree = "<group>"; };
		601FE5A922E7FF3200A11804 /* AppDelegate.m */ = {isa = PBXFileReference; lastKnownFileType = sourcecode.c.objc; path = AppDelegate.m; sourceTree = "<group>"; };
		601FE5AB22E7FF3200A11804 /* ViewController.h */ = {isa = PBXFileReference; lastKnownFileType = sourcecode.c.h; path = ViewController.h; sourceTree = "<group>"; };
		601FE5AC22E7FF3200A11804 /* ViewController.m */ = {isa = PBXFileReference; lastKnownFileType = sourcecode.c.objc; path = ViewController.m; sourceTree = "<group>"; };
		601FE5AF22E7FF3200A11804 /* Base */ = {isa = PBXFileReference; lastKnownFileType = file.storyboard; name = Base; path = Base.lproj/Main.storyboard; sourceTree = "<group>"; };
		601FE5B422E7FF3400A11804 /* Base */ = {isa = PBXFileReference; lastKnownFileType = file.storyboard; name = Base; path = Base.lproj/LaunchScreen.storyboard; sourceTree = "<group>"; };
		601FE5B622E7FF3400A11804 /* Info.plist */ = {isa = PBXFileReference; lastKnownFileType = text.plist.xml; path = Info.plist; sourceTree = "<group>"; };
		601FE5B722E7FF3400A11804 /* main.m */ = {isa = PBXFileReference; lastKnownFileType = sourcecode.c.objc; path = main.m; sourceTree = "<group>"; };
		601FE5C522E7FFCE00A11804 /* icon_refresh.png */ = {isa = PBXFileReference; lastKnownFileType = image.png; path = icon_refresh.png; sourceTree = "<group>"; };
		601FE5CC22E7FFF400A11804 /* UIWebView+QTHideAccessoryView.m */ = {isa = PBXFileReference; fileEncoding = 4; lastKnownFileType = sourcecode.c.objc; path = "UIWebView+QTHideAccessoryView.m"; sourceTree = "<group>"; };
		601FE5CD22E7FFF400A11804 /* UIWebView+QTJSTool.h */ = {isa = PBXFileReference; fileEncoding = 4; lastKnownFileType = sourcecode.c.h; path = "UIWebView+QTJSTool.h"; sourceTree = "<group>"; };
		601FE5CE22E7FFF400A11804 /* UIWebView+QTJSTool.m */ = {isa = PBXFileReference; fileEncoding = 4; lastKnownFileType = sourcecode.c.objc; path = "UIWebView+QTJSTool.m"; sourceTree = "<group>"; };
		601FE5CF22E7FFF400A11804 /* UIControl+QTButtonExtension.m */ = {isa = PBXFileReference; fileEncoding = 4; lastKnownFileType = sourcecode.c.objc; path = "UIControl+QTButtonExtension.m"; sourceTree = "<group>"; };
		601FE5D022E7FFF400A11804 /* UIWebView+QTHideAccessoryView.h */ = {isa = PBXFileReference; fileEncoding = 4; lastKnownFileType = sourcecode.c.h; path = "UIWebView+QTHideAccessoryView.h"; sourceTree = "<group>"; };
		601FE5D122E7FFF400A11804 /* UIControl+QTButtonExtension.h */ = {isa = PBXFileReference; fileEncoding = 4; lastKnownFileType = sourcecode.c.h; path = "UIControl+QTButtonExtension.h"; sourceTree = "<group>"; };
		601FE5D622E8009900A11804 /* QTRichTextEditor.h */ = {isa = PBXFileReference; fileEncoding = 4; lastKnownFileType = sourcecode.c.h; path = QTRichTextEditor.h; sourceTree = "<group>"; };
		601FE6B622E8099200A11804 /* QTRichTextEditor.html */ = {isa = PBXFileReference; lastKnownFileType = text.html; path = QTRichTextEditor.html; sourceTree = "<group>"; };
		601FE6B722E80A0500A11804 /* QTRichTextEditor.js */ = {isa = PBXFileReference; lastKnownFileType = sourcecode.javascript; path = QTRichTextEditor.js; sourceTree = "<group>"; };
		601FE6BA22E80C4D00A11804 /* QTRichTextToolBar.h */ = {isa = PBXFileReference; lastKnownFileType = sourcecode.c.h; path = QTRichTextToolBar.h; sourceTree = "<group>"; };
		601FE6BB22E80C4D00A11804 /* QTRichTextToolBar.m */ = {isa = PBXFileReference; lastKnownFileType = sourcecode.c.objc; path = QTRichTextToolBar.m; sourceTree = "<group>"; };
		601FE6BD22E82B5900A11804 /* JSBeautifier.js */ = {isa = PBXFileReference; lastKnownFileType = sourcecode.javascript; path = JSBeautifier.js; sourceTree = "<group>"; };
		601FE6BE22E82B5900A11804 /* jQuery.js */ = {isa = PBXFileReference; lastKnownFileType = sourcecode.javascript; path = jQuery.js; sourceTree = "<group>"; };
		601FE6C222E848D300A11804 /* UIImage+Common.m */ = {isa = PBXFileReference; fileEncoding = 4; lastKnownFileType = sourcecode.c.objc; path = "UIImage+Common.m"; sourceTree = "<group>"; };
		601FE6C322E848D300A11804 /* UIImage+Common.h */ = {isa = PBXFileReference; fileEncoding = 4; lastKnownFileType = sourcecode.c.h; path = "UIImage+Common.h"; sourceTree = "<group>"; };
		601FE6C422E848D300A11804 /* UIColor+expanded.h */ = {isa = PBXFileReference; fileEncoding = 4; lastKnownFileType = sourcecode.c.h; path = "UIColor+expanded.h"; sourceTree = "<group>"; };
		601FE6C522E848D300A11804 /* UIColor+expanded.m */ = {isa = PBXFileReference; fileEncoding = 4; lastKnownFileType = sourcecode.c.objc; path = "UIColor+expanded.m"; sourceTree = "<group>"; };
		601FE6C822E8538C00A11804 /* QTFontStyleView.h */ = {isa = PBXFileReference; lastKnownFileType = sourcecode.c.h; path = QTFontStyleView.h; sourceTree = "<group>"; };
		601FE6C922E8538C00A11804 /* QTFontStyleView.m */ = {isa = PBXFileReference; lastKnownFileType = sourcecode.c.objc; path = QTFontStyleView.m; sourceTree = "<group>"; };
		601FE6CB22E8539B00A11804 /* QTFontSizeView.h */ = {isa = PBXFileReference; lastKnownFileType = sourcecode.c.h; path = QTFontSizeView.h; sourceTree = "<group>"; };
		601FE6CC22E8539B00A11804 /* QTFontSizeView.m */ = {isa = PBXFileReference; lastKnownFileType = sourcecode.c.objc; path = QTFontSizeView.m; sourceTree = "<group>"; };
		601FE6CE22E853AE00A11804 /* QTAlignView.h */ = {isa = PBXFileReference; lastKnownFileType = sourcecode.c.h; path = QTAlignView.h; sourceTree = "<group>"; };
		601FE6CF22E853AE00A11804 /* QTAlignView.m */ = {isa = PBXFileReference; lastKnownFileType = sourcecode.c.objc; path = QTAlignView.m; sourceTree = "<group>"; };
		601FE6D122E853BE00A11804 /* QTFontColorView.h */ = {isa = PBXFileReference; lastKnownFileType = sourcecode.c.h; path = QTFontColorView.h; sourceTree = "<group>"; };
		601FE6D222E853BE00A11804 /* QTFontColorView.m */ = {isa = PBXFileReference; lastKnownFileType = sourcecode.c.objc; path = QTFontColorView.m; sourceTree = "<group>"; };
		601FE6D422E99E7600A11804 /* QTRichTextEditorDemo.h */ = {isa = PBXFileReference; lastKnownFileType = sourcecode.c.h; path = QTRichTextEditorDemo.h; sourceTree = "<group>"; };
		601FE6D522E99E7600A11804 /* QTRichTextEditorDemo.m */ = {isa = PBXFileReference; lastKnownFileType = sourcecode.c.objc; path = QTRichTextEditorDemo.m; sourceTree = "<group>"; };
		601FE70A22E9B72200A11804 /* Assets.xcassets */ = {isa = PBXFileReference; lastKnownFileType = folder.assetcatalog; path = Assets.xcassets; sourceTree = "<group>"; };
/* End PBXFileReference section */

/* Begin PBXFrameworksBuildPhase section */
		601FE5A222E7FF3200A11804 /* Frameworks */ = {
			isa = PBXFrameworksBuildPhase;
			buildActionMask = 2147483647;
			files = (
			);
			runOnlyForDeploymentPostprocessing = 0;
		};
/* End PBXFrameworksBuildPhase section */

/* Begin PBXGroup section */
		601FE59C22E7FF3200A11804 = {
			isa = PBXGroup;
			children = (
				601FE5A722E7FF3200A11804 /* QTRichEditorText */,
				601FE5A622E7FF3200A11804 /* Products */,
			);
			sourceTree = "<group>";
		};
		601FE5A622E7FF3200A11804 /* Products */ = {
			isa = PBXGroup;
			children = (
				601FE5A522E7FF3200A11804 /* QTRichEditorText.app */,
			);
			name = Products;
			sourceTree = "<group>";
		};
		601FE5A722E7FF3200A11804 /* QTRichEditorText */ = {
			isa = PBXGroup;
			children = (
				601FE5BE22E7FF4300A11804 /* QTRichTextEditor */,
				601FE5A822E7FF3200A11804 /* AppDelegate.h */,
				601FE5A922E7FF3200A11804 /* AppDelegate.m */,
				601FE5AB22E7FF3200A11804 /* ViewController.h */,
				601FE5AC22E7FF3200A11804 /* ViewController.m */,
				601FE6D422E99E7600A11804 /* QTRichTextEditorDemo.h */,
				601FE6D522E99E7600A11804 /* QTRichTextEditorDemo.m */,
				601FE70A22E9B72200A11804 /* Assets.xcassets */,
				601FE5AE22E7FF3200A11804 /* Main.storyboard */,
				601FE5B322E7FF3400A11804 /* LaunchScreen.storyboard */,
				601FE5B622E7FF3400A11804 /* Info.plist */,
				601FE5B722E7FF3400A11804 /* main.m */,
			);
			path = QTRichEditorText;
			sourceTree = "<group>";
		};
		601FE5BE22E7FF4300A11804 /* QTRichTextEditor */ = {
			isa = PBXGroup;
			children = (
				601FE6C122E848C300A11804 /* Categary */,
				601FE5D522E8001800A11804 /* ToolBar */,
				601FE5BF22E7FFBB00A11804 /* Resources */,
				601FE5D122E7FFF400A11804 /* UIControl+QTButtonExtension.h */,
				601FE5CF22E7FFF400A11804 /* UIControl+QTButtonExtension.m */,
				601FE5D022E7FFF400A11804 /* UIWebView+QTHideAccessoryView.h */,
				601FE5CC22E7FFF400A11804 /* UIWebView+QTHideAccessoryView.m */,
				601FE5CD22E7FFF400A11804 /* UIWebView+QTJSTool.h */,
				601FE5CE22E7FFF400A11804 /* UIWebView+QTJSTool.m */,
				601FE5D622E8009900A11804 /* QTRichTextEditor.h */,
			);
			path = QTRichTextEditor;
			sourceTree = "<group>";
		};
		601FE5BF22E7FFBB00A11804 /* Resources */ = {
			isa = PBXGroup;
			children = (
				601FE6B622E8099200A11804 /* QTRichTextEditor.html */,
				601FE6B722E80A0500A11804 /* QTRichTextEditor.js */,
				601FE5C522E7FFCE00A11804 /* icon_refresh.png */,
				601FE6BE22E82B5900A11804 /* jQuery.js */,
				601FE6BD22E82B5900A11804 /* JSBeautifier.js */,
			);
			path = Resources;
			sourceTree = "<group>";
		};
		601FE5D522E8001800A11804 /* ToolBar */ = {
			isa = PBXGroup;
			children = (
				601FE6BA22E80C4D00A11804 /* QTRichTextToolBar.h */,
				601FE6BB22E80C4D00A11804 /* QTRichTextToolBar.m */,
				601FE6C822E8538C00A11804 /* QTFontStyleView.h */,
				601FE6C922E8538C00A11804 /* QTFontStyleView.m */,
				601FE6CB22E8539B00A11804 /* QTFontSizeView.h */,
				601FE6CC22E8539B00A11804 /* QTFontSizeView.m */,
				601FE6CE22E853AE00A11804 /* QTAlignView.h */,
				601FE6CF22E853AE00A11804 /* QTAlignView.m */,
				601FE6D122E853BE00A11804 /* QTFontColorView.h */,
				601FE6D222E853BE00A11804 /* QTFontColorView.m */,
			);
			path = ToolBar;
			sourceTree = "<group>";
		};
		601FE6C122E848C300A11804 /* Categary */ = {
			isa = PBXGroup;
			children = (
				601FE6C422E848D300A11804 /* UIColor+expanded.h */,
				601FE6C522E848D300A11804 /* UIColor+expanded.m */,
				601FE6C322E848D300A11804 /* UIImage+Common.h */,
				601FE6C222E848D300A11804 /* UIImage+Common.m */,
			);
			path = Categary;
			sourceTree = "<group>";
		};
/* End PBXGroup section */

/* Begin PBXNativeTarget section */
		601FE5A422E7FF3200A11804 /* QTRichEditorText */ = {
			isa = PBXNativeTarget;
			buildConfigurationList = 601FE5BB22E7FF3400A11804 /* Build configuration list for PBXNativeTarget "QTRichEditorText" */;
			buildPhases = (
				601FE5A122E7FF3200A11804 /* Sources */,
				601FE5A222E7FF3200A11804 /* Frameworks */,
				601FE5A322E7FF3200A11804 /* Resources */,
			);
			buildRules = (
			);
			dependencies = (
			);
			name = QTRichEditorText;
			productName = QTRichEditorText;
			productReference = 601FE5A522E7FF3200A11804 /* QTRichEditorText.app */;
			productType = "com.apple.product-type.application";
		};
/* End PBXNativeTarget section */

/* Begin PBXProject section */
		601FE59D22E7FF3200A11804 /* Project object */ = {
			isa = PBXProject;
			attributes = {
				LastUpgradeCheck = 1030;
				ORGANIZATIONNAME = QinTuanye;
				TargetAttributes = {
					601FE5A422E7FF3200A11804 = {
						CreatedOnToolsVersion = 10.3;
					};
				};
			};
			buildConfigurationList = 601FE5A022E7FF3200A11804 /* Build configuration list for PBXProject "QTRichEditorText" */;
			compatibilityVersion = "Xcode 9.3";
			developmentRegion = en;
			hasScannedForEncodings = 0;
			knownRegions = (
				en,
				Base,
			);
			mainGroup = 601FE59C22E7FF3200A11804;
			productRefGroup = 601FE5A622E7FF3200A11804 /* Products */;
			projectDirPath = "";
			projectRoot = "";
			targets = (
				601FE5A422E7FF3200A11804 /* QTRichEditorText */,
			);
		};
/* End PBXProject section */

/* Begin PBXResourcesBuildPhase section */
		601FE5A322E7FF3200A11804 /* Resources */ = {
			isa = PBXResourcesBuildPhase;
			buildActionMask = 2147483647;
			files = (
				601FE6B922E80B7900A11804 /* QTRichTextEditor.html in Resources */,
				601FE6B822E80A0500A11804 /* QTRichTextEditor.js in Resources */,
				601FE5B522E7FF3400A11804 /* LaunchScreen.storyboard in Resources */,
				601FE5B022E7FF3200A11804 /* Main.storyboard in Resources */,
				601FE6BF22E82B5900A11804 /* jQuery.js in Resources */,
				601FE5CB22E7FFCE00A11804 /* icon_refresh.png in Resources */,
				601FE70B22E9B72300A11804 /* Assets.xcassets in Resources */,
				601FE6C022E82B5900A11804 /* JSBeautifier.js in Resources */,
			);
			runOnlyForDeploymentPostprocessing = 0;
		};
/* End PBXResourcesBuildPhase section */

/* Begin PBXSourcesBuildPhase section */
		601FE5A122E7FF3200A11804 /* Sources */ = {
			isa = PBXSourcesBuildPhase;
			buildActionMask = 2147483647;
			files = (
				601FE6C622E848D300A11804 /* UIImage+Common.m in Sources */,
				601FE5D322E7FFF400A11804 /* UIWebView+QTJSTool.m in Sources */,
				601FE6C722E848D300A11804 /* UIColor+expanded.m in Sources */,
				601FE6D022E853AE00A11804 /* QTAlignView.m in Sources */,
				601FE5AD22E7FF3200A11804 /* ViewController.m in Sources */,
				601FE6CD22E8539B00A11804 /* QTFontSizeView.m in Sources */,
				601FE6CA22E8538C00A11804 /* QTFontStyleView.m in Sources */,
				601FE6D322E853BE00A11804 /* QTFontColorView.m in Sources */,
				601FE5B822E7FF3400A11804 /* main.m in Sources */,
				601FE5AA22E7FF3200A11804 /* AppDelegate.m in Sources */,
				601FE5D222E7FFF400A11804 /* UIWebView+QTHideAccessoryView.m in Sources */,
				601FE5D422E7FFF400A11804 /* UIControl+QTButtonExtension.m in Sources */,
				601FE6BC22E80C4D00A11804 /* QTRichTextToolBar.m in Sources */,
				601FE6D622E99E7600A11804 /* QTRichTextEditorDemo.m in Sources */,
			);
			runOnlyForDeploymentPostprocessing = 0;
		};
/* End PBXSourcesBuildPhase section */

/* Begin PBXVariantGroup section */
		601FE5AE22E7FF3200A11804 /* Main.storyboard */ = {
			isa = PBXVariantGroup;
			children = (
				601FE5AF22E7FF3200A11804 /* Base */,
			);
			name = Main.storyboard;
			sourceTree = "<group>";
		};
		601FE5B322E7FF3400A11804 /* LaunchScreen.storyboard */ = {
			isa = PBXVariantGroup;
			children = (
				601FE5B422E7FF3400A11804 /* Base */,
			);
			name = LaunchScreen.storyboard;
			sourceTree = "<group>";
		};
/* End PBXVariantGroup section */

/* Begin XCBuildConfiguration section */
		601FE5B922E7FF3400A11804 /* Debug */ = {
			isa = XCBuildConfiguration;
			buildSettings = {
				ALWAYS_SEARCH_USER_PATHS = NO;
				CLANG_ANALYZER_NONNULL = YES;
				CLANG_ANALYZER_NUMBER_OBJECT_CONVERSION = YES_AGGRESSIVE;
				CLANG_CXX_LANGUAGE_STANDARD = "gnu++14";
				CLANG_CXX_LIBRARY = "libc++";
				CLANG_ENABLE_MODULES = YES;
				CLANG_ENABLE_OBJC_ARC = YES;
				CLANG_ENABLE_OBJC_WEAK = YES;
				CLANG_WARN_BLOCK_CAPTURE_AUTORELEASING = YES;
				CLANG_WARN_BOOL_CONVERSION = YES;
				CLANG_WARN_COMMA = YES;
				CLANG_WARN_CONSTANT_CONVERSION = YES;
				CLANG_WARN_DEPRECATED_OBJC_IMPLEMENTATIONS = YES;
				CLANG_WARN_DIRECT_OBJC_ISA_USAGE = YES_ERROR;
				CLANG_WARN_DOCUMENTATION_COMMENTS = YES;
				CLANG_WARN_EMPTY_BODY = YES;
				CLANG_WARN_ENUM_CONVERSION = YES;
				CLANG_WARN_INFINITE_RECURSION = YES;
				CLANG_WARN_INT_CONVERSION = YES;
				CLANG_WARN_NON_LITERAL_NULL_CONVERSION = YES;
				CLANG_WARN_OBJC_IMPLICIT_RETAIN_SELF = YES;
				CLANG_WARN_OBJC_LITERAL_CONVERSION = YES;
				CLANG_WARN_OBJC_ROOT_CLASS = YES_ERROR;
				CLANG_WARN_RANGE_LOOP_ANALYSIS = YES;
				CLANG_WARN_STRICT_PROTOTYPES = YES;
				CLANG_WARN_SUSPICIOUS_MOVE = YES;
				CLANG_WARN_UNGUARDED_AVAILABILITY = YES_AGGRESSIVE;
				CLANG_WARN_UNREACHABLE_CODE = YES;
				CLANG_WARN__DUPLICATE_METHOD_MATCH = YES;
				CODE_SIGN_IDENTITY = "iPhone Developer";
				COPY_PHASE_STRIP = NO;
				DEBUG_INFORMATION_FORMAT = dwarf;
				ENABLE_STRICT_OBJC_MSGSEND = YES;
				ENABLE_TESTABILITY = YES;
				GCC_C_LANGUAGE_STANDARD = gnu11;
				GCC_DYNAMIC_NO_PIC = NO;
				GCC_NO_COMMON_BLOCKS = YES;
				GCC_OPTIMIZATION_LEVEL = 0;
				GCC_PREPROCESSOR_DEFINITIONS = (
					"DEBUG=1",
					"$(inherited)",
				);
				GCC_WARN_64_TO_32_BIT_CONVERSION = YES;
				GCC_WARN_ABOUT_RETURN_TYPE = YES_ERROR;
				GCC_WARN_UNDECLARED_SELECTOR = YES;
				GCC_WARN_UNINITIALIZED_AUTOS = YES_AGGRESSIVE;
				GCC_WARN_UNUSED_FUNCTION = YES;
				GCC_WARN_UNUSED_VARIABLE = YES;
				IPHONEOS_DEPLOYMENT_TARGET = 12.4;
				MTL_ENABLE_DEBUG_INFO = INCLUDE_SOURCE;
				MTL_FAST_MATH = YES;
				ONLY_ACTIVE_ARCH = YES;
				SDKROOT = iphoneos;
			};
			name = Debug;
		};
		601FE5BA22E7FF3400A11804 /* Release */ = {
			isa = XCBuildConfiguration;
			buildSettings = {
				ALWAYS_SEARCH_USER_PATHS = NO;
				CLANG_ANALYZER_NONNULL = YES;
				CLANG_ANALYZER_NUMBER_OBJECT_CONVERSION = YES_AGGRESSIVE;
				CLANG_CXX_LANGUAGE_STANDARD = "gnu++14";
				CLANG_CXX_LIBRARY = "libc++";
				CLANG_ENABLE_MODULES = YES;
				CLANG_ENABLE_OBJC_ARC = YES;
				CLANG_ENABLE_OBJC_WEAK = YES;
				CLANG_WARN_BLOCK_CAPTURE_AUTORELEASING = YES;
				CLANG_WARN_BOOL_CONVERSION = YES;
				CLANG_WARN_COMMA = YES;
				CLANG_WARN_CONSTANT_CONVERSION = YES;
				CLANG_WARN_DEPRECATED_OBJC_IMPLEMENTATIONS = YES;
				CLANG_WARN_DIRECT_OBJC_ISA_USAGE = YES_ERROR;
				CLANG_WARN_DOCUMENTATION_COMMENTS = YES;
				CLANG_WARN_EMPTY_BODY = YES;
				CLANG_WARN_ENUM_CONVERSION = YES;
				CLANG_WARN_INFINITE_RECURSION = YES;
				CLANG_WARN_INT_CONVERSION = YES;
				CLANG_WARN_NON_LITERAL_NULL_CONVERSION = YES;
				CLANG_WARN_OBJC_IMPLICIT_RETAIN_SELF = YES;
				CLANG_WARN_OBJC_LITERAL_CONVERSION = YES;
				CLANG_WARN_OBJC_ROOT_CLASS = YES_ERROR;
				CLANG_WARN_RANGE_LOOP_ANALYSIS = YES;
				CLANG_WARN_STRICT_PROTOTYPES = YES;
				CLANG_WARN_SUSPICIOUS_MOVE = YES;
				CLANG_WARN_UNGUARDED_AVAILABILITY = YES_AGGRESSIVE;
				CLANG_WARN_UNREACHABLE_CODE = YES;
				CLANG_WARN__DUPLICATE_METHOD_MATCH = YES;
				CODE_SIGN_IDENTITY = "iPhone Developer";
				COPY_PHASE_STRIP = NO;
				DEBUG_INFORMATION_FORMAT = "dwarf-with-dsym";
				ENABLE_NS_ASSERTIONS = NO;
				ENABLE_STRICT_OBJC_MSGSEND = YES;
				GCC_C_LANGUAGE_STANDARD = gnu11;
				GCC_NO_COMMON_BLOCKS = YES;
				GCC_WARN_64_TO_32_BIT_CONVERSION = YES;
				GCC_WARN_ABOUT_RETURN_TYPE = YES_ERROR;
				GCC_WARN_UNDECLARED_SELECTOR = YES;
				GCC_WARN_UNINITIALIZED_AUTOS = YES_AGGRESSIVE;
				GCC_WARN_UNUSED_FUNCTION = YES;
				GCC_WARN_UNUSED_VARIABLE = YES;
				IPHONEOS_DEPLOYMENT_TARGET = 12.4;
				MTL_ENABLE_DEBUG_INFO = NO;
				MTL_FAST_MATH = YES;
				SDKROOT = iphoneos;
				VALIDATE_PRODUCT = YES;
			};
			name = Release;
		};
		601FE5BC22E7FF3400A11804 /* Debug */ = {
			isa = XCBuildConfiguration;
			buildSettings = {
				ASSETCATALOG_COMPILER_APPICON_NAME = AppIcon;
				CODE_SIGN_STYLE = Automatic;
				DEVELOPMENT_TEAM = V36526T8FR;
				INFOPLIST_FILE = QTRichEditorText/Info.plist;
				IPHONEOS_DEPLOYMENT_TARGET = 10.3;
				LD_RUNPATH_SEARCH_PATHS = (
					"$(inherited)",
					"@executable_path/Frameworks",
				);
				PRODUCT_BUNDLE_IDENTIFIER = com.qty.QTRichEditorText;
				PRODUCT_NAME = "$(TARGET_NAME)";
				TARGETED_DEVICE_FAMILY = "1,2";
			};
			name = Debug;
		};
		601FE5BD22E7FF3400A11804 /* Release */ = {
			isa = XCBuildConfiguration;
			buildSettings = {
				ASSETCATALOG_COMPILER_APPICON_NAME = AppIcon;
				CODE_SIGN_STYLE = Automatic;
				DEVELOPMENT_TEAM = V36526T8FR;
				INFOPLIST_FILE = QTRichEditorText/Info.plist;
				IPHONEOS_DEPLOYMENT_TARGET = 10.3;
				LD_RUNPATH_SEARCH_PATHS = (
					"$(inherited)",
					"@executable_path/Frameworks",
				);
				PRODUCT_BUNDLE_IDENTIFIER = com.qty.QTRichEditorText;
				PRODUCT_NAME = "$(TARGET_NAME)";
				TARGETED_DEVICE_FAMILY = "1,2";
			};
			name = Release;
		};
/* End XCBuildConfiguration section */

/* Begin XCConfigurationList section */
		601FE5A022E7FF3200A11804 /* Build configuration list for PBXProject "QTRichEditorText" */ = {
			isa = XCConfigurationList;
			buildConfigurations = (
				601FE5B922E7FF3400A11804 /* Debug */,
				601FE5BA22E7FF3400A11804 /* Release */,
			);
			defaultConfigurationIsVisible = 0;
			defaultConfigurationName = Release;
		};
		601FE5BB22E7FF3400A11804 /* Build configuration list for PBXNativeTarget "QTRichEditorText" */ = {
			isa = XCConfigurationList;
			buildConfigurations = (
				601FE5BC22E7FF3400A11804 /* Debug */,
				601FE5BD22E7FF3400A11804 /* Release */,
			);
			defaultConfigurationIsVisible = 0;
			defaultConfigurationName = Release;
		};
/* End XCConfigurationList section */
	};
	rootObject = 601FE59D22E7FF3200A11804 /* Project object */;
}
